
Microsoft Visual Studio Solution File, Format Version 12.00
# Visual Studio 2015
Project("{FAE04EC0-301F-11D3-BF4B-00C04F79EFBC}") = "Glücksrad", "Glücksrad.csproj", "{1948B068-E94E-4AD4-2C5D-2598DB378711}"
EndProject
Global
	GlobalSection(SolutionConfigurationPlatforms) = preSolution
		Debug|Any CPU = Debug|Any CPU
		Release|Any CPU = Release|Any CPU
	EndGlobalSection
	GlobalSection(ProjectConfigurationPlatforms) = postSolution
		{1948B068-E94E-4AD4-2C5D-2598DB378711}.Debug|Any CPU.ActiveCfg = Debug|Any CPU
		{1948B068-E94E-4AD4-2C5D-2598DB378711}.Debug|Any CPU.Build.0 = Debug|Any CPU
		{1948B068-E94E-4AD4-2C5D-2598DB378711}.Release|Any CPU.ActiveCfg = Release|Any CPU
		{1948B068-E94E-4AD4-2C5D-2598DB378711}.Release|Any CPU.Build.0 = Release|Any CPU
	EndGlobalSection
	GlobalSection(SolutionProperties) = preSolution
		HideSolutionNode = FALSE
	EndGlobalSection
EndGlobal
